
Microsoft Visual Studio Solution File, Format Version 12.00
# Visual Studio Version 17
VisualStudioVersion = 17.5.002.0
MinimumVisualStudioVersion = 10.0.40219.1
Project("{9A19103F-16F7-4668-BE54-9A1E7A4F7556}") = "L7", "L7.csproj", "{8E43C95D-E7FF-494E-9D9A-F72AD2F26548}"
EndProject
Global
	GlobalSection(SolutionConfigurationPlatforms) = preSolution
		Debug|Any CPU = Debug|Any CPU
		Release|Any CPU = Release|Any CPU
	EndGlobalSection
	GlobalSection(ProjectConfigurationPlatforms) = postSolution
		{8E43C95D-E7FF-494E-9D9A-F72AD2F26548}.Debug|Any CPU.ActiveCfg = Debug|Any CPU
		{8E43C95D-E7FF-494E-9D9A-F72AD2F26548}.Debug|Any CPU.Build.0 = Debug|Any CPU
		{8E43C95D-E7FF-494E-9D9A-F72AD2F26548}.Release|Any CPU.ActiveCfg = Release|Any CPU
		{8E43C95D-E7FF-494E-9D9A-F72AD2F26548}.Release|Any CPU.Build.0 = Release|Any CPU
	EndGlobalSection
	GlobalSection(SolutionProperties) = preSolution
		HideSolutionNode = FALSE
	EndGlobalSection
	GlobalSection(ExtensibilityGlobals) = postSolution
		SolutionGuid = {81922FAF-B384-49DD-ADC4-A11639CCF4EB}
	EndGlobalSection
EndGlobal
